
Microsoft Visual Studio Solution File, Format Version 12.00
# Visual Studio Version 17
VisualStudioVersion = 17.8.34004.107
MinimumVisualStudioVersion = 10.0.40219.1
Project("{9A19103F-16F7-4668-BE54-9A1E7A4F7556}") = "BulkyWeb", "BulkyWeb\BulkyWeb.csproj", "{44D0014C-339C-44BD-9921-4DDEF2D65E01}"
EndProject
Project("{FAE04EC0-301F-11D3-BF4B-00C04F79EFBC}") = "Bulky.DataAccess", "Bulky.DataAccess\Bulky.DataAccess.csproj", "{C6C98FBE-FF7E-4900-B4F9-744A7DC27547}"
EndProject
Project("{FAE04EC0-301F-11D3-BF4B-00C04F79EFBC}") = "Bulky.Models", "Bulky.Models\Bulky.Models.csproj", "{39C5DDDF-CCE4-4872-82DF-EA66A47D197F}"
EndProject
Project("{FAE04EC0-301F-11D3-BF4B-00C04F79EFBC}") = "Bulky.Utility", "Bulky.Utility\Bulky.Utility.csproj", "{2556992D-BB8A-4DBA-8285-99F2BE84B6BC}"
EndProject
Global
	GlobalSection(SolutionConfigurationPlatforms) = preSolution
		Debug|Any CPU = Debug|Any CPU
		Release|Any CPU = Release|Any CPU
	EndGlobalSection
	GlobalSection(ProjectConfigurationPlatforms) = postSolution
		{44D0014C-339C-44BD-9921-4DDEF2D65E01}.Debug|Any CPU.ActiveCfg = Debug|Any CPU
		{44D0014C-339C-44BD-9921-4DDEF2D65E01}.Debug|Any CPU.Build.0 = Debug|Any CPU
		{44D0014C-339C-44BD-9921-4DDEF2D65E01}.Release|Any CPU.ActiveCfg = Release|Any CPU
		{44D0014C-339C-44BD-9921-4DDEF2D65E01}.Release|Any CPU.Build.0 = Release|Any CPU
		{C6C98FBE-FF7E-4900-B4F9-744A7DC27547}.Debug|Any CPU.ActiveCfg = Debug|Any CPU
		{C6C98FBE-FF7E-4900-B4F9-744A7DC27547}.Debug|Any CPU.Build.0 = Debug|Any CPU
		{C6C98FBE-FF7E-4900-B4F9-744A7DC27547}.Release|Any CPU.ActiveCfg = Release|Any CPU
		{C6C98FBE-FF7E-4900-B4F9-744A7DC27547}.Release|Any CPU.Build.0 = Release|Any CPU
		{39C5DDDF-CCE4-4872-82DF-EA66A47D197F}.Debug|Any CPU.ActiveCfg = Debug|Any CPU
		{39C5DDDF-CCE4-4872-82DF-EA66A47D197F}.Debug|Any CPU.Build.0 = Debug|Any CPU
		{39C5DDDF-CCE4-4872-82DF-EA66A47D197F}.Release|Any CPU.ActiveCfg = Release|Any CPU
		{39C5DDDF-CCE4-4872-82DF-EA66A47D197F}.Release|Any CPU.Build.0 = Release|Any CPU
		{2556992D-BB8A-4DBA-8285-99F2BE84B6BC}.Debug|Any CPU.ActiveCfg = Debug|Any CPU
		{2556992D-BB8A-4DBA-8285-99F2BE84B6BC}.Debug|Any CPU.Build.0 = Debug|Any CPU
		{2556992D-BB8A-4DBA-8285-99F2BE84B6BC}.Release|Any CPU.ActiveCfg = Release|Any CPU
		{2556992D-BB8A-4DBA-8285-99F2BE84B6BC}.Release|Any CPU.Build.0 = Release|Any CPU
	EndGlobalSection
	GlobalSection(SolutionProperties) = preSolution
		HideSolutionNode = FALSE
	EndGlobalSection
	GlobalSection(ExtensibilityGlobals) = postSolution
		SolutionGuid = {0064A990-B8CC-46B7-9CE7-30645B0F6AF8}
	EndGlobalSection
EndGlobal
